
Microsoft Visual Studio Solution File, Format Version 12.00
# Visual Studio Version 17
VisualStudioVersion = 17.8.34330.188
MinimumVisualStudioVersion = 10.0.40219.1
Project("{9A19103F-16F7-4668-BE54-9A1E7A4F7556}") = "Defra.TestAutomation.Specs", "Defra.TestAutomation.Specs.csproj", "{BBFE8FF5-3A10-43B7-9F50-3C460C82EC31}"
EndProject
Global
	GlobalSection(SolutionConfigurationPlatforms) = preSolution
		Debug|Any CPU = Debug|Any CPU
		Release|Any CPU = Release|Any CPU
	EndGlobalSection
	GlobalSection(ProjectConfigurationPlatforms) = postSolution
		{BBFE8FF5-3A10-43B7-9F50-3C460C82EC31}.Debug|Any CPU.ActiveCfg = Debug|Any CPU
		{BBFE8FF5-3A10-43B7-9F50-3C460C82EC31}.Debug|Any CPU.Build.0 = Debug|Any CPU
		{BBFE8FF5-3A10-43B7-9F50-3C460C82EC31}.Release|Any CPU.ActiveCfg = Release|Any CPU
		{BBFE8FF5-3A10-43B7-9F50-3C460C82EC31}.Release|Any CPU.Build.0 = Release|Any CPU
	EndGlobalSection
	GlobalSection(SolutionProperties) = preSolution
		HideSolutionNode = FALSE
	EndGlobalSection
	GlobalSection(ExtensibilityGlobals) = postSolution
		SolutionGuid = {F2132FBA-5E02-460A-ADBF-6A128A84BF9F}
	EndGlobalSection
EndGlobal
