
Microsoft Visual Studio Solution File, Format Version 12.00
# Visual Studio Version 17
VisualStudioVersion = 17.8.34330.188
MinimumVisualStudioVersion = 10.0.40219.1
Project("{9A19103F-16F7-4668-BE54-9A1E7A4F7556}") = "ncea-classifier-microservice", "ncea-classifier-microservice\ncea-classifier-microservice.csproj", "{EAD7432E-43C9-40D6-9931-780F643D148A}"
EndProject
Project("{9A19103F-16F7-4668-BE54-9A1E7A4F7556}") = "ncea-classifier-microservice.tests", "ncea-classifier-microservice.tests\ncea-classifier-microservice.tests.csproj", "{05903E5D-446F-429D-8076-4F23F4617B33}"
EndProject
Project("{9A19103F-16F7-4668-BE54-9A1E7A4F7556}") = "ncea-classifier-microservice-data", "ncea-classifier-microservice-data\ncea-classifier-microservice-data.csproj", "{E0BEDA88-256E-4703-9DAB-B408B1CA79CA}"
EndProject
Project("{FAE04EC0-301F-11D3-BF4B-00C04F79EFBC}") = "ncea-classifier-microservice-data.tests", "ncea-classifier-microservice-data.tests\ncea-classifier-microservice-data.tests.csproj", "{2B14650C-CC31-41C9-AA69-8BA3F53C5176}"
EndProject
Project("{FAE04EC0-301F-11D3-BF4B-00C04F79EFBC}") = "ncea-classifier-microservice-domain", "ncea-classifier-microservice-domain\ncea-classifier-microservice-domain.csproj", "{6B901767-93B6-4868-B5FD-CC0DAF573786}"
EndProject
Global
	GlobalSection(SolutionConfigurationPlatforms) = preSolution
		Debug|Any CPU = Debug|Any CPU
		Release|Any CPU = Release|Any CPU
	EndGlobalSection
	GlobalSection(ProjectConfigurationPlatforms) = postSolution
		{EAD7432E-43C9-40D6-9931-780F643D148A}.Debug|Any CPU.ActiveCfg = Debug|Any CPU
		{EAD7432E-43C9-40D6-9931-780F643D148A}.Debug|Any CPU.Build.0 = Debug|Any CPU
		{EAD7432E-43C9-40D6-9931-780F643D148A}.Release|Any CPU.ActiveCfg = Release|Any CPU
		{EAD7432E-43C9-40D6-9931-780F643D148A}.Release|Any CPU.Build.0 = Release|Any CPU
		{05903E5D-446F-429D-8076-4F23F4617B33}.Debug|Any CPU.ActiveCfg = Debug|Any CPU
		{05903E5D-446F-429D-8076-4F23F4617B33}.Debug|Any CPU.Build.0 = Debug|Any CPU
		{05903E5D-446F-429D-8076-4F23F4617B33}.Release|Any CPU.ActiveCfg = Release|Any CPU
		{05903E5D-446F-429D-8076-4F23F4617B33}.Release|Any CPU.Build.0 = Release|Any CPU
		{E0BEDA88-256E-4703-9DAB-B408B1CA79CA}.Debug|Any CPU.ActiveCfg = Debug|Any CPU
		{E0BEDA88-256E-4703-9DAB-B408B1CA79CA}.Debug|Any CPU.Build.0 = Debug|Any CPU
		{E0BEDA88-256E-4703-9DAB-B408B1CA79CA}.Release|Any CPU.ActiveCfg = Release|Any CPU
		{E0BEDA88-256E-4703-9DAB-B408B1CA79CA}.Release|Any CPU.Build.0 = Release|Any CPU
		{2B14650C-CC31-41C9-AA69-8BA3F53C5176}.Debug|Any CPU.ActiveCfg = Debug|Any CPU
		{2B14650C-CC31-41C9-AA69-8BA3F53C5176}.Debug|Any CPU.Build.0 = Debug|Any CPU
		{2B14650C-CC31-41C9-AA69-8BA3F53C5176}.Release|Any CPU.ActiveCfg = Release|Any CPU
		{2B14650C-CC31-41C9-AA69-8BA3F53C5176}.Release|Any CPU.Build.0 = Release|Any CPU
		{6B901767-93B6-4868-B5FD-CC0DAF573786}.Debug|Any CPU.ActiveCfg = Debug|Any CPU
		{6B901767-93B6-4868-B5FD-CC0DAF573786}.Debug|Any CPU.Build.0 = Debug|Any CPU
		{6B901767-93B6-4868-B5FD-CC0DAF573786}.Release|Any CPU.ActiveCfg = Release|Any CPU
		{6B901767-93B6-4868-B5FD-CC0DAF573786}.Release|Any CPU.Build.0 = Release|Any CPU
	EndGlobalSection
	GlobalSection(SolutionProperties) = preSolution
		HideSolutionNode = FALSE
	EndGlobalSection
	GlobalSection(ExtensibilityGlobals) = postSolution
		SolutionGuid = {EAC3471E-4736-4FDB-9A15-1C7550FAA1EA}
	EndGlobalSection
EndGlobal
